
Microsoft Visual Studio Solution File, Format Version 12.00
# Visual Studio Version 17
VisualStudioVersion = 17.6.33801.468
MinimumVisualStudioVersion = 10.0.40219.1
Project("{FAE04EC0-301F-11D3-BF4B-00C04F79EFBC}") = "BKProyect", "BKProyect\BKProyect.csproj", "{AD6E523D-1D8C-47F9-9203-F42239FF2D86}"
EndProject
Project("{2150E333-8FDC-42A3-9474-1A3956D46DE8}") = "Solution Items", "Solution Items", "{F4A7BEFC-415B-47A8-BF3E-9E1965B6C757}"
	ProjectSection(SolutionItems) = preProject
		.editorconfig = .editorconfig
	EndProjectSection
EndProject
Global
	GlobalSection(SolutionConfigurationPlatforms) = preSolution
		Debug|Any CPU = Debug|Any CPU
		Release|Any CPU = Release|Any CPU
	EndGlobalSection
	GlobalSection(ProjectConfigurationPlatforms) = postSolution
		{AD6E523D-1D8C-47F9-9203-F42239FF2D86}.Debug|Any CPU.ActiveCfg = Debug|Any CPU
		{AD6E523D-1D8C-47F9-9203-F42239FF2D86}.Debug|Any CPU.Build.0 = Debug|Any CPU
		{AD6E523D-1D8C-47F9-9203-F42239FF2D86}.Release|Any CPU.ActiveCfg = Release|Any CPU
		{AD6E523D-1D8C-47F9-9203-F42239FF2D86}.Release|Any CPU.Build.0 = Release|Any CPU
	EndGlobalSection
	GlobalSection(SolutionProperties) = preSolution
		HideSolutionNode = FALSE
	EndGlobalSection
	GlobalSection(ExtensibilityGlobals) = postSolution
		SolutionGuid = {B1E53205-41DA-4482-8859-8AD3810EBE69}
	EndGlobalSection
EndGlobal
